
Microsoft Visual Studio Solution File, Format Version 12.00
# Visual Studio Version 17
VisualStudioVersion = 17.3.32825.248
MinimumVisualStudioVersion = 10.0.40219.1
Project("{FAE04EC0-301F-11D3-BF4B-00C04F79EFBC}") = "NexusAuth.Android", "NexusAuth.Android\NexusAuth.Android.csproj", "{84B36A47-77B6-4900-8AB8-10E86AE203E2}"
EndProject
Project("{FAE04EC0-301F-11D3-BF4B-00C04F79EFBC}") = "NexusAuth.iOS", "NexusAuth.iOS\NexusAuth.iOS.csproj", "{BEFADC48-7708-406F-AAC9-2FB60A04A084}"
EndProject
Project("{FAE04EC0-301F-11D3-BF4B-00C04F79EFBC}") = "NexusAuth", "NexusAuth\NexusAuth.csproj", "{0C626C12-C4F2-4EA2-9436-B6409CBD257C}"
EndProject
Global
	GlobalSection(SolutionConfigurationPlatforms) = preSolution
		Debug|Any CPU = Debug|Any CPU
		Debug|iPhone = Debug|iPhone
		Debug|iPhoneSimulator = Debug|iPhoneSimulator
		Release|Any CPU = Release|Any CPU
		Release|iPhone = Release|iPhone
		Release|iPhoneSimulator = Release|iPhoneSimulator
	EndGlobalSection
	GlobalSection(ProjectConfigurationPlatforms) = postSolution
		{84B36A47-77B6-4900-8AB8-10E86AE203E2}.Debug|Any CPU.ActiveCfg = Debug|Any CPU
		{84B36A47-77B6-4900-8AB8-10E86AE203E2}.Debug|Any CPU.Build.0 = Debug|Any CPU
		{84B36A47-77B6-4900-8AB8-10E86AE203E2}.Debug|Any CPU.Deploy.0 = Debug|Any CPU
		{84B36A47-77B6-4900-8AB8-10E86AE203E2}.Debug|iPhone.ActiveCfg = Debug|Any CPU
		{84B36A47-77B6-4900-8AB8-10E86AE203E2}.Debug|iPhone.Build.0 = Debug|Any CPU
		{84B36A47-77B6-4900-8AB8-10E86AE203E2}.Debug|iPhone.Deploy.0 = Debug|Any CPU
		{84B36A47-77B6-4900-8AB8-10E86AE203E2}.Debug|iPhoneSimulator.ActiveCfg = Debug|Any CPU
		{84B36A47-77B6-4900-8AB8-10E86AE203E2}.Debug|iPhoneSimulator.Build.0 = Debug|Any CPU
		{84B36A47-77B6-4900-8AB8-10E86AE203E2}.Debug|iPhoneSimulator.Deploy.0 = Debug|Any CPU
		{84B36A47-77B6-4900-8AB8-10E86AE203E2}.Release|Any CPU.ActiveCfg = Release|Any CPU
		{84B36A47-77B6-4900-8AB8-10E86AE203E2}.Release|Any CPU.Build.0 = Release|Any CPU
		{84B36A47-77B6-4900-8AB8-10E86AE203E2}.Release|Any CPU.Deploy.0 = Release|Any CPU
		{84B36A47-77B6-4900-8AB8-10E86AE203E2}.Release|iPhone.ActiveCfg = Release|Any CPU
		{84B36A47-77B6-4900-8AB8-10E86AE203E2}.Release|iPhone.Build.0 = Release|Any CPU
		{84B36A47-77B6-4900-8AB8-10E86AE203E2}.Release|iPhone.Deploy.0 = Release|Any CPU
		{84B36A47-77B6-4900-8AB8-10E86AE203E2}.Release|iPhoneSimulator.ActiveCfg = Release|Any CPU
		{84B36A47-77B6-4900-8AB8-10E86AE203E2}.Release|iPhoneSimulator.Build.0 = Release|Any CPU
		{84B36A47-77B6-4900-8AB8-10E86AE203E2}.Release|iPhoneSimulator.Deploy.0 = Release|Any CPU
		{BEFADC48-7708-406F-AAC9-2FB60A04A084}.Debug|Any CPU.ActiveCfg = Debug|iPhone
		{BEFADC48-7708-406F-AAC9-2FB60A04A084}.Debug|Any CPU.Build.0 = Debug|iPhone
		{BEFADC48-7708-406F-AAC9-2FB60A04A084}.Debug|Any CPU.Deploy.0 = Debug|iPhone
		{BEFADC48-7708-406F-AAC9-2FB60A04A084}.Debug|iPhone.ActiveCfg = Debug|iPhone
		{BEFADC48-7708-406F-AAC9-2FB60A04A084}.Debug|iPhone.Build.0 = Debug|iPhone
		{BEFADC48-7708-406F-AAC9-2FB60A04A084}.Debug|iPhone.Deploy.0 = Debug|iPhone
		{BEFADC48-7708-406F-AAC9-2FB60A04A084}.Debug|iPhoneSimulator.ActiveCfg = Debug|iPhoneSimulator
		{BEFADC48-7708-406F-AAC9-2FB60A04A084}.Debug|iPhoneSimulator.Build.0 = Debug|iPhoneSimulator
		{BEFADC48-7708-406F-AAC9-2FB60A04A084}.Debug|iPhoneSimulator.Deploy.0 = Debug|iPhoneSimulator
		{BEFADC48-7708-406F-AAC9-2FB60A04A084}.Release|Any CPU.ActiveCfg = Release|iPhoneSimulator
		{BEFADC48-7708-406F-AAC9-2FB60A04A084}.Release|Any CPU.Build.0 = Release|iPhoneSimulator
		{BEFADC48-7708-406F-AAC9-2FB60A04A084}.Release|Any CPU.Deploy.0 = Release|iPhoneSimulator
		{BEFADC48-7708-406F-AAC9-2FB60A04A084}.Release|iPhone.ActiveCfg = Release|iPhone
		{BEFADC48-7708-406F-AAC9-2FB60A04A084}.Release|iPhone.Build.0 = Release|iPhone
		{BEFADC48-7708-406F-AAC9-2FB60A04A084}.Release|iPhone.Deploy.0 = Release|iPhone
		{BEFADC48-7708-406F-AAC9-2FB60A04A084}.Release|iPhoneSimulator.ActiveCfg = Release|iPhoneSimulator
		{BEFADC48-7708-406F-AAC9-2FB60A04A084}.Release|iPhoneSimulator.Build.0 = Release|iPhoneSimulator
		{BEFADC48-7708-406F-AAC9-2FB60A04A084}.Release|iPhoneSimulator.Deploy.0 = Release|iPhoneSimulator
		{0C626C12-C4F2-4EA2-9436-B6409CBD257C}.Debug|Any CPU.ActiveCfg = Debug|Any CPU
		{0C626C12-C4F2-4EA2-9436-B6409CBD257C}.Debug|Any CPU.Build.0 = Debug|Any CPU
		{0C626C12-C4F2-4EA2-9436-B6409CBD257C}.Debug|Any CPU.Deploy.0 = Debug|Any CPU
		{0C626C12-C4F2-4EA2-9436-B6409CBD257C}.Debug|iPhone.ActiveCfg = Debug|Any CPU
		{0C626C12-C4F2-4EA2-9436-B6409CBD257C}.Debug|iPhone.Build.0 = Debug|Any CPU
		{0C626C12-C4F2-4EA2-9436-B6409CBD257C}.Debug|iPhone.Deploy.0 = Debug|Any CPU
		{0C626C12-C4F2-4EA2-9436-B6409CBD257C}.Debug|iPhoneSimulator.ActiveCfg = Debug|Any CPU
		{0C626C12-C4F2-4EA2-9436-B6409CBD257C}.Debug|iPhoneSimulator.Build.0 = Debug|Any CPU
		{0C626C12-C4F2-4EA2-9436-B6409CBD257C}.Debug|iPhoneSimulator.Deploy.0 = Debug|Any CPU
		{0C626C12-C4F2-4EA2-9436-B6409CBD257C}.Release|Any CPU.ActiveCfg = Release|Any CPU
		{0C626C12-C4F2-4EA2-9436-B6409CBD257C}.Release|Any CPU.Build.0 = Release|Any CPU
		{0C626C12-C4F2-4EA2-9436-B6409CBD257C}.Release|Any CPU.Deploy.0 = Release|Any CPU
		{0C626C12-C4F2-4EA2-9436-B6409CBD257C}.Release|iPhone.ActiveCfg = Release|Any CPU
		{0C626C12-C4F2-4EA2-9436-B6409CBD257C}.Release|iPhone.Build.0 = Release|Any CPU
		{0C626C12-C4F2-4EA2-9436-B6409CBD257C}.Release|iPhone.Deploy.0 = Release|Any CPU
		{0C626C12-C4F2-4EA2-9436-B6409CBD257C}.Release|iPhoneSimulator.ActiveCfg = Release|Any CPU
		{0C626C12-C4F2-4EA2-9436-B6409CBD257C}.Release|iPhoneSimulator.Build.0 = Release|Any CPU
		{0C626C12-C4F2-4EA2-9436-B6409CBD257C}.Release|iPhoneSimulator.Deploy.0 = Release|Any CPU
	EndGlobalSection
	GlobalSection(SolutionProperties) = preSolution
		HideSolutionNode = FALSE
	EndGlobalSection
	GlobalSection(ExtensibilityGlobals) = postSolution
		SolutionGuid = {E2395F6E-FDD4-4994-8920-BFF83BF0B43A}
	EndGlobalSection
EndGlobal
